
Microsoft Visual Studio Solution File, Format Version 12.00
# Visual Studio 15
VisualStudioVersion = 15.0.28307.438
MinimumVisualStudioVersion = 10.0.40219.1
Project("{888888A0-9F3D-457C-B088-3A5042F75D52}") = "Crawlingdbmovietop250", "Crawlingdbmovietop250\Crawlingdbmovietop250.pyproj", "{8B6CB9D7-AB42-4CF3-A6E7-BA3C6C9A6EB2}"
EndProject
Global
	GlobalSection(SolutionConfigurationPlatforms) = preSolution
		Debug|Any CPU = Debug|Any CPU
		Release|Any CPU = Release|Any CPU
	EndGlobalSection
	GlobalSection(ProjectConfigurationPlatforms) = postSolution
		{8B6CB9D7-AB42-4CF3-A6E7-BA3C6C9A6EB2}.Debug|Any CPU.ActiveCfg = Debug|Any CPU
		{8B6CB9D7-AB42-4CF3-A6E7-BA3C6C9A6EB2}.Release|Any CPU.ActiveCfg = Release|Any CPU
	EndGlobalSection
	GlobalSection(SolutionProperties) = preSolution
		HideSolutionNode = FALSE
	EndGlobalSection
	GlobalSection(ExtensibilityGlobals) = postSolution
		SolutionGuid = {080553BC-40CE-4488-9193-82E27716A451}
	EndGlobalSection
EndGlobal
